
Microsoft Visual Studio Solution File, Format Version 12.00
# TcXaeShell Solution File, Format Version 11.00
VisualStudioVersion = 17.10.35827.194
MinimumVisualStudioVersion = 10.0.40219.1
Project("{B1E792BE-AA5F-4E3C-8C82-674BF9C0715B}") = "2_Blinking_LED", "2_Blinking_LED\2_Blinking_LED.tsproj", "{27DF39C2-2249-424F-BA23-4BDF7E5CC5E5}"
EndProject
Global
	GlobalSection(SolutionConfigurationPlatforms) = preSolution
		Debug|TwinCAT OS (ARMV7-A) = Debug|TwinCAT OS (ARMV7-A)
		Debug|TwinCAT OS (ARMV7-M) = Debug|TwinCAT OS (ARMV7-M)
		Debug|TwinCAT OS (ARMV8-A) = Debug|TwinCAT OS (ARMV8-A)
		Debug|TwinCAT OS (x64) = Debug|TwinCAT OS (x64)
		Debug|TwinCAT OS (x64-E) = Debug|TwinCAT OS (x64-E)
		Debug|TwinCAT RT (x64) = Debug|TwinCAT RT (x64)
		Debug|TwinCAT RT (x86) = Debug|TwinCAT RT (x86)
		Release|TwinCAT OS (ARMV7-A) = Release|TwinCAT OS (ARMV7-A)
		Release|TwinCAT OS (ARMV7-M) = Release|TwinCAT OS (ARMV7-M)
		Release|TwinCAT OS (ARMV8-A) = Release|TwinCAT OS (ARMV8-A)
		Release|TwinCAT OS (x64) = Release|TwinCAT OS (x64)
		Release|TwinCAT OS (x64-E) = Release|TwinCAT OS (x64-E)
		Release|TwinCAT RT (x64) = Release|TwinCAT RT (x64)
		Release|TwinCAT RT (x86) = Release|TwinCAT RT (x86)
	EndGlobalSection
	GlobalSection(ProjectConfigurationPlatforms) = postSolution
		{27DF39C2-2249-424F-BA23-4BDF7E5CC5E5}.Debug|TwinCAT OS (ARMV7-A).ActiveCfg = Debug|TwinCAT OS (ARMV7-A)
		{27DF39C2-2249-424F-BA23-4BDF7E5CC5E5}.Debug|TwinCAT OS (ARMV7-A).Build.0 = Debug|TwinCAT OS (ARMV7-A)
		{27DF39C2-2249-424F-BA23-4BDF7E5CC5E5}.Debug|TwinCAT OS (ARMV7-M).ActiveCfg = Debug|TwinCAT OS (ARMV7-M)
		{27DF39C2-2249-424F-BA23-4BDF7E5CC5E5}.Debug|TwinCAT OS (ARMV7-M).Build.0 = Debug|TwinCAT OS (ARMV7-M)
		{27DF39C2-2249-424F-BA23-4BDF7E5CC5E5}.Debug|TwinCAT OS (ARMV8-A).ActiveCfg = Debug|TwinCAT OS (ARMV8-A)
		{27DF39C2-2249-424F-BA23-4BDF7E5CC5E5}.Debug|TwinCAT OS (ARMV8-A).Build.0 = Debug|TwinCAT OS (ARMV8-A)
		{27DF39C2-2249-424F-BA23-4BDF7E5CC5E5}.Debug|TwinCAT OS (x64).ActiveCfg = Debug|TwinCAT OS (x64)
		{27DF39C2-2249-424F-BA23-4BDF7E5CC5E5}.Debug|TwinCAT OS (x64).Build.0 = Debug|TwinCAT OS (x64)
		{27DF39C2-2249-424F-BA23-4BDF7E5CC5E5}.Debug|TwinCAT OS (x64-E).ActiveCfg = Debug|TwinCAT OS (x64-E)
		{27DF39C2-2249-424F-BA23-4BDF7E5CC5E5}.Debug|TwinCAT OS (x64-E).Build.0 = Debug|TwinCAT OS (x64-E)
		{27DF39C2-2249-424F-BA23-4BDF7E5CC5E5}.Debug|TwinCAT RT (x64).ActiveCfg = Debug|TwinCAT RT (x64)
		{27DF39C2-2249-424F-BA23-4BDF7E5CC5E5}.Debug|TwinCAT RT (x64).Build.0 = Debug|TwinCAT RT (x64)
		{27DF39C2-2249-424F-BA23-4BDF7E5CC5E5}.Debug|TwinCAT RT (x86).ActiveCfg = Debug|TwinCAT RT (x86)
		{27DF39C2-2249-424F-BA23-4BDF7E5CC5E5}.Debug|TwinCAT RT (x86).Build.0 = Debug|TwinCAT RT (x86)
		{27DF39C2-2249-424F-BA23-4BDF7E5CC5E5}.Release|TwinCAT OS (ARMV7-A).ActiveCfg = Release|TwinCAT OS (ARMV7-A)
		{27DF39C2-2249-424F-BA23-4BDF7E5CC5E5}.Release|TwinCAT OS (ARMV7-A).Build.0 = Release|TwinCAT OS (ARMV7-A)
		{27DF39C2-2249-424F-BA23-4BDF7E5CC5E5}.Release|TwinCAT OS (ARMV7-M).ActiveCfg = Release|TwinCAT OS (ARMV7-M)
		{27DF39C2-2249-424F-BA23-4BDF7E5CC5E5}.Release|TwinCAT OS (ARMV7-M).Build.0 = Release|TwinCAT OS (ARMV7-M)
		{27DF39C2-2249-424F-BA23-4BDF7E5CC5E5}.Release|TwinCAT OS (ARMV8-A).ActiveCfg = Release|TwinCAT OS (ARMV8-A)
		{27DF39C2-2249-424F-BA23-4BDF7E5CC5E5}.Release|TwinCAT OS (ARMV8-A).Build.0 = Release|TwinCAT OS (ARMV8-A)
		{27DF39C2-2249-424F-BA23-4BDF7E5CC5E5}.Release|TwinCAT OS (x64).ActiveCfg = Release|TwinCAT OS (x64)
		{27DF39C2-2249-424F-BA23-4BDF7E5CC5E5}.Release|TwinCAT OS (x64).Build.0 = Release|TwinCAT OS (x64)
		{27DF39C2-2249-424F-BA23-4BDF7E5CC5E5}.Release|TwinCAT OS (x64-E).ActiveCfg = Release|TwinCAT OS (x64-E)
		{27DF39C2-2249-424F-BA23-4BDF7E5CC5E5}.Release|TwinCAT OS (x64-E).Build.0 = Release|TwinCAT OS (x64-E)
		{27DF39C2-2249-424F-BA23-4BDF7E5CC5E5}.Release|TwinCAT RT (x64).ActiveCfg = Release|TwinCAT RT (x64)
		{27DF39C2-2249-424F-BA23-4BDF7E5CC5E5}.Release|TwinCAT RT (x64).Build.0 = Release|TwinCAT RT (x64)
		{27DF39C2-2249-424F-BA23-4BDF7E5CC5E5}.Release|TwinCAT RT (x86).ActiveCfg = Release|TwinCAT RT (x86)
		{27DF39C2-2249-424F-BA23-4BDF7E5CC5E5}.Release|TwinCAT RT (x86).Build.0 = Release|TwinCAT RT (x86)
		{FF62A315-9B57-4BFA-8FCB-A2CCDF802F6C}.Debug|TwinCAT OS (ARMV7-A).ActiveCfg = Debug|TwinCAT OS (ARMV7-A)
		{FF62A315-9B57-4BFA-8FCB-A2CCDF802F6C}.Debug|TwinCAT OS (ARMV7-A).Build.0 = Debug|TwinCAT OS (ARMV7-A)
		{FF62A315-9B57-4BFA-8FCB-A2CCDF802F6C}.Debug|TwinCAT OS (ARMV7-M).ActiveCfg = Debug|TwinCAT OS (ARMV7-M)
		{FF62A315-9B57-4BFA-8FCB-A2CCDF802F6C}.Debug|TwinCAT OS (ARMV7-M).Build.0 = Debug|TwinCAT OS (ARMV7-M)
		{FF62A315-9B57-4BFA-8FCB-A2CCDF802F6C}.Debug|TwinCAT OS (ARMV8-A).ActiveCfg = Debug|TwinCAT OS (ARMV8-A)
		{FF62A315-9B57-4BFA-8FCB-A2CCDF802F6C}.Debug|TwinCAT OS (ARMV8-A).Build.0 = Debug|TwinCAT OS (ARMV8-A)
		{FF62A315-9B57-4BFA-8FCB-A2CCDF802F6C}.Debug|TwinCAT OS (x64).ActiveCfg = Debug|TwinCAT OS (x64)
		{FF62A315-9B57-4BFA-8FCB-A2CCDF802F6C}.Debug|TwinCAT OS (x64).Build.0 = Debug|TwinCAT OS (x64)
		{FF62A315-9B57-4BFA-8FCB-A2CCDF802F6C}.Debug|TwinCAT OS (x64-E).ActiveCfg = Debug|TwinCAT OS (x64-E)
		{FF62A315-9B57-4BFA-8FCB-A2CCDF802F6C}.Debug|TwinCAT OS (x64-E).Build.0 = Debug|TwinCAT OS (x64-E)
		{FF62A315-9B57-4BFA-8FCB-A2CCDF802F6C}.Debug|TwinCAT RT (x64).ActiveCfg = Debug|TwinCAT RT (x64)
		{FF62A315-9B57-4BFA-8FCB-A2CCDF802F6C}.Debug|TwinCAT RT (x64).Build.0 = Debug|TwinCAT RT (x64)
		{FF62A315-9B57-4BFA-8FCB-A2CCDF802F6C}.Debug|TwinCAT RT (x86).ActiveCfg = Debug|TwinCAT RT (x86)
		{FF62A315-9B57-4BFA-8FCB-A2CCDF802F6C}.Debug|TwinCAT RT (x86).Build.0 = Debug|TwinCAT RT (x86)
		{FF62A315-9B57-4BFA-8FCB-A2CCDF802F6C}.Release|TwinCAT OS (ARMV7-A).ActiveCfg = Release|TwinCAT OS (ARMV7-A)
		{FF62A315-9B57-4BFA-8FCB-A2CCDF802F6C}.Release|TwinCAT OS (ARMV7-A).Build.0 = Release|TwinCAT OS (ARMV7-A)
		{FF62A315-9B57-4BFA-8FCB-A2CCDF802F6C}.Release|TwinCAT OS (ARMV7-M).ActiveCfg = Release|TwinCAT OS (ARMV7-M)
		{FF62A315-9B57-4BFA-8FCB-A2CCDF802F6C}.Release|TwinCAT OS (ARMV7-M).Build.0 = Release|TwinCAT OS (ARMV7-M)
		{FF62A315-9B57-4BFA-8FCB-A2CCDF802F6C}.Release|TwinCAT OS (ARMV8-A).ActiveCfg = Release|TwinCAT OS (ARMV8-A)
		{FF62A315-9B57-4BFA-8FCB-A2CCDF802F6C}.Release|TwinCAT OS (ARMV8-A).Build.0 = Release|TwinCAT OS (ARMV8-A)
		{FF62A315-9B57-4BFA-8FCB-A2CCDF802F6C}.Release|TwinCAT OS (x64).ActiveCfg = Release|TwinCAT OS (x64)
		{FF62A315-9B57-4BFA-8FCB-A2CCDF802F6C}.Release|TwinCAT OS (x64).Build.0 = Release|TwinCAT OS (x64)
		{FF62A315-9B57-4BFA-8FCB-A2CCDF802F6C}.Release|TwinCAT OS (x64-E).ActiveCfg = Release|TwinCAT OS (x64-E)
		{FF62A315-9B57-4BFA-8FCB-A2CCDF802F6C}.Release|TwinCAT OS (x64-E).Build.0 = Release|TwinCAT OS (x64-E)
		{FF62A315-9B57-4BFA-8FCB-A2CCDF802F6C}.Release|TwinCAT RT (x64).ActiveCfg = Release|TwinCAT RT (x64)
		{FF62A315-9B57-4BFA-8FCB-A2CCDF802F6C}.Release|TwinCAT RT (x64).Build.0 = Release|TwinCAT RT (x64)
		{FF62A315-9B57-4BFA-8FCB-A2CCDF802F6C}.Release|TwinCAT RT (x86).ActiveCfg = Release|TwinCAT RT (x86)
		{FF62A315-9B57-4BFA-8FCB-A2CCDF802F6C}.Release|TwinCAT RT (x86).Build.0 = Release|TwinCAT RT (x86)
	EndGlobalSection
	GlobalSection(SolutionProperties) = preSolution
		HideSolutionNode = FALSE
	EndGlobalSection
	GlobalSection(ExtensibilityGlobals) = postSolution
		SolutionGuid = {3172E9ED-CD0F-4CC9-BD95-6ADD9842B119}
	EndGlobalSection
EndGlobal
