
Microsoft Visual Studio Solution File, Format Version 12.00
# TcXaeShell Solution File, Format Version 11.00
VisualStudioVersion = 17.10.35827.194
MinimumVisualStudioVersion = 10.0.40219.1
Project("{B1E792BE-AA5F-4E3C-8C82-674BF9C0715B}") = "6_Advanced_HMI", "6_Advanced_HMI\6_Advanced_HMI.tsproj", "{DEABD8A8-B0BA-4FFB-830D-1FAE224CE82A}"
EndProject
Global
	GlobalSection(SolutionConfigurationPlatforms) = preSolution
		Debug|TwinCAT OS (ARMV7-A) = Debug|TwinCAT OS (ARMV7-A)
		Debug|TwinCAT OS (ARMV7-M) = Debug|TwinCAT OS (ARMV7-M)
		Debug|TwinCAT OS (ARMV8-A) = Debug|TwinCAT OS (ARMV8-A)
		Debug|TwinCAT OS (x64) = Debug|TwinCAT OS (x64)
		Debug|TwinCAT OS (x64-E) = Debug|TwinCAT OS (x64-E)
		Debug|TwinCAT RT (x64) = Debug|TwinCAT RT (x64)
		Debug|TwinCAT RT (x86) = Debug|TwinCAT RT (x86)
		Release|TwinCAT OS (ARMV7-A) = Release|TwinCAT OS (ARMV7-A)
		Release|TwinCAT OS (ARMV7-M) = Release|TwinCAT OS (ARMV7-M)
		Release|TwinCAT OS (ARMV8-A) = Release|TwinCAT OS (ARMV8-A)
		Release|TwinCAT OS (x64) = Release|TwinCAT OS (x64)
		Release|TwinCAT OS (x64-E) = Release|TwinCAT OS (x64-E)
		Release|TwinCAT RT (x64) = Release|TwinCAT RT (x64)
		Release|TwinCAT RT (x86) = Release|TwinCAT RT (x86)
	EndGlobalSection
	GlobalSection(ProjectConfigurationPlatforms) = postSolution
		{DEABD8A8-B0BA-4FFB-830D-1FAE224CE82A}.Debug|TwinCAT OS (ARMV7-A).ActiveCfg = Debug|TwinCAT OS (ARMV7-A)
		{DEABD8A8-B0BA-4FFB-830D-1FAE224CE82A}.Debug|TwinCAT OS (ARMV7-A).Build.0 = Debug|TwinCAT OS (ARMV7-A)
		{DEABD8A8-B0BA-4FFB-830D-1FAE224CE82A}.Debug|TwinCAT OS (ARMV7-M).ActiveCfg = Debug|TwinCAT OS (ARMV7-M)
		{DEABD8A8-B0BA-4FFB-830D-1FAE224CE82A}.Debug|TwinCAT OS (ARMV7-M).Build.0 = Debug|TwinCAT OS (ARMV7-M)
		{DEABD8A8-B0BA-4FFB-830D-1FAE224CE82A}.Debug|TwinCAT OS (ARMV8-A).ActiveCfg = Debug|TwinCAT OS (ARMV8-A)
		{DEABD8A8-B0BA-4FFB-830D-1FAE224CE82A}.Debug|TwinCAT OS (ARMV8-A).Build.0 = Debug|TwinCAT OS (ARMV8-A)
		{DEABD8A8-B0BA-4FFB-830D-1FAE224CE82A}.Debug|TwinCAT OS (x64).ActiveCfg = Debug|TwinCAT OS (x64)
		{DEABD8A8-B0BA-4FFB-830D-1FAE224CE82A}.Debug|TwinCAT OS (x64).Build.0 = Debug|TwinCAT OS (x64)
		{DEABD8A8-B0BA-4FFB-830D-1FAE224CE82A}.Debug|TwinCAT OS (x64-E).ActiveCfg = Debug|TwinCAT OS (x64-E)
		{DEABD8A8-B0BA-4FFB-830D-1FAE224CE82A}.Debug|TwinCAT OS (x64-E).Build.0 = Debug|TwinCAT OS (x64-E)
		{DEABD8A8-B0BA-4FFB-830D-1FAE224CE82A}.Debug|TwinCAT RT (x64).ActiveCfg = Debug|TwinCAT RT (x64)
		{DEABD8A8-B0BA-4FFB-830D-1FAE224CE82A}.Debug|TwinCAT RT (x64).Build.0 = Debug|TwinCAT RT (x64)
		{DEABD8A8-B0BA-4FFB-830D-1FAE224CE82A}.Debug|TwinCAT RT (x86).ActiveCfg = Debug|TwinCAT RT (x86)
		{DEABD8A8-B0BA-4FFB-830D-1FAE224CE82A}.Debug|TwinCAT RT (x86).Build.0 = Debug|TwinCAT RT (x86)
		{DEABD8A8-B0BA-4FFB-830D-1FAE224CE82A}.Release|TwinCAT OS (ARMV7-A).ActiveCfg = Release|TwinCAT OS (ARMV7-A)
		{DEABD8A8-B0BA-4FFB-830D-1FAE224CE82A}.Release|TwinCAT OS (ARMV7-A).Build.0 = Release|TwinCAT OS (ARMV7-A)
		{DEABD8A8-B0BA-4FFB-830D-1FAE224CE82A}.Release|TwinCAT OS (ARMV7-M).ActiveCfg = Release|TwinCAT OS (ARMV7-M)
		{DEABD8A8-B0BA-4FFB-830D-1FAE224CE82A}.Release|TwinCAT OS (ARMV7-M).Build.0 = Release|TwinCAT OS (ARMV7-M)
		{DEABD8A8-B0BA-4FFB-830D-1FAE224CE82A}.Release|TwinCAT OS (ARMV8-A).ActiveCfg = Release|TwinCAT OS (ARMV8-A)
		{DEABD8A8-B0BA-4FFB-830D-1FAE224CE82A}.Release|TwinCAT OS (ARMV8-A).Build.0 = Release|TwinCAT OS (ARMV8-A)
		{DEABD8A8-B0BA-4FFB-830D-1FAE224CE82A}.Release|TwinCAT OS (x64).ActiveCfg = Release|TwinCAT OS (x64)
		{DEABD8A8-B0BA-4FFB-830D-1FAE224CE82A}.Release|TwinCAT OS (x64).Build.0 = Release|TwinCAT OS (x64)
		{DEABD8A8-B0BA-4FFB-830D-1FAE224CE82A}.Release|TwinCAT OS (x64-E).ActiveCfg = Release|TwinCAT OS (x64-E)
		{DEABD8A8-B0BA-4FFB-830D-1FAE224CE82A}.Release|TwinCAT OS (x64-E).Build.0 = Release|TwinCAT OS (x64-E)
		{DEABD8A8-B0BA-4FFB-830D-1FAE224CE82A}.Release|TwinCAT RT (x64).ActiveCfg = Release|TwinCAT RT (x64)
		{DEABD8A8-B0BA-4FFB-830D-1FAE224CE82A}.Release|TwinCAT RT (x64).Build.0 = Release|TwinCAT RT (x64)
		{DEABD8A8-B0BA-4FFB-830D-1FAE224CE82A}.Release|TwinCAT RT (x86).ActiveCfg = Release|TwinCAT RT (x86)
		{DEABD8A8-B0BA-4FFB-830D-1FAE224CE82A}.Release|TwinCAT RT (x86).Build.0 = Release|TwinCAT RT (x86)
		{52F44579-C746-4192-9686-BF4B7D2EEF76}.Debug|TwinCAT OS (ARMV7-A).ActiveCfg = Debug|TwinCAT OS (ARMV7-A)
		{52F44579-C746-4192-9686-BF4B7D2EEF76}.Debug|TwinCAT OS (ARMV7-A).Build.0 = Debug|TwinCAT OS (ARMV7-A)
		{52F44579-C746-4192-9686-BF4B7D2EEF76}.Debug|TwinCAT OS (ARMV7-M).ActiveCfg = Debug|TwinCAT OS (ARMV7-M)
		{52F44579-C746-4192-9686-BF4B7D2EEF76}.Debug|TwinCAT OS (ARMV7-M).Build.0 = Debug|TwinCAT OS (ARMV7-M)
		{52F44579-C746-4192-9686-BF4B7D2EEF76}.Debug|TwinCAT OS (ARMV8-A).ActiveCfg = Debug|TwinCAT OS (ARMV8-A)
		{52F44579-C746-4192-9686-BF4B7D2EEF76}.Debug|TwinCAT OS (ARMV8-A).Build.0 = Debug|TwinCAT OS (ARMV8-A)
		{52F44579-C746-4192-9686-BF4B7D2EEF76}.Debug|TwinCAT OS (x64).ActiveCfg = Debug|TwinCAT OS (x64)
		{52F44579-C746-4192-9686-BF4B7D2EEF76}.Debug|TwinCAT OS (x64).Build.0 = Debug|TwinCAT OS (x64)
		{52F44579-C746-4192-9686-BF4B7D2EEF76}.Debug|TwinCAT OS (x64-E).ActiveCfg = Debug|TwinCAT OS (x64-E)
		{52F44579-C746-4192-9686-BF4B7D2EEF76}.Debug|TwinCAT OS (x64-E).Build.0 = Debug|TwinCAT OS (x64-E)
		{52F44579-C746-4192-9686-BF4B7D2EEF76}.Debug|TwinCAT RT (x64).ActiveCfg = Debug|TwinCAT RT (x64)
		{52F44579-C746-4192-9686-BF4B7D2EEF76}.Debug|TwinCAT RT (x64).Build.0 = Debug|TwinCAT RT (x64)
		{52F44579-C746-4192-9686-BF4B7D2EEF76}.Debug|TwinCAT RT (x86).ActiveCfg = Debug|TwinCAT RT (x86)
		{52F44579-C746-4192-9686-BF4B7D2EEF76}.Debug|TwinCAT RT (x86).Build.0 = Debug|TwinCAT RT (x86)
		{52F44579-C746-4192-9686-BF4B7D2EEF76}.Release|TwinCAT OS (ARMV7-A).ActiveCfg = Release|TwinCAT OS (ARMV7-A)
		{52F44579-C746-4192-9686-BF4B7D2EEF76}.Release|TwinCAT OS (ARMV7-A).Build.0 = Release|TwinCAT OS (ARMV7-A)
		{52F44579-C746-4192-9686-BF4B7D2EEF76}.Release|TwinCAT OS (ARMV7-M).ActiveCfg = Release|TwinCAT OS (ARMV7-M)
		{52F44579-C746-4192-9686-BF4B7D2EEF76}.Release|TwinCAT OS (ARMV7-M).Build.0 = Release|TwinCAT OS (ARMV7-M)
		{52F44579-C746-4192-9686-BF4B7D2EEF76}.Release|TwinCAT OS (ARMV8-A).ActiveCfg = Release|TwinCAT OS (ARMV8-A)
		{52F44579-C746-4192-9686-BF4B7D2EEF76}.Release|TwinCAT OS (ARMV8-A).Build.0 = Release|TwinCAT OS (ARMV8-A)
		{52F44579-C746-4192-9686-BF4B7D2EEF76}.Release|TwinCAT OS (x64).ActiveCfg = Release|TwinCAT OS (x64)
		{52F44579-C746-4192-9686-BF4B7D2EEF76}.Release|TwinCAT OS (x64).Build.0 = Release|TwinCAT OS (x64)
		{52F44579-C746-4192-9686-BF4B7D2EEF76}.Release|TwinCAT OS (x64-E).ActiveCfg = Release|TwinCAT OS (x64-E)
		{52F44579-C746-4192-9686-BF4B7D2EEF76}.Release|TwinCAT OS (x64-E).Build.0 = Release|TwinCAT OS (x64-E)
		{52F44579-C746-4192-9686-BF4B7D2EEF76}.Release|TwinCAT RT (x64).ActiveCfg = Release|TwinCAT RT (x64)
		{52F44579-C746-4192-9686-BF4B7D2EEF76}.Release|TwinCAT RT (x64).Build.0 = Release|TwinCAT RT (x64)
		{52F44579-C746-4192-9686-BF4B7D2EEF76}.Release|TwinCAT RT (x86).ActiveCfg = Release|TwinCAT RT (x86)
		{52F44579-C746-4192-9686-BF4B7D2EEF76}.Release|TwinCAT RT (x86).Build.0 = Release|TwinCAT RT (x86)
	EndGlobalSection
	GlobalSection(SolutionProperties) = preSolution
		HideSolutionNode = FALSE
	EndGlobalSection
	GlobalSection(ExtensibilityGlobals) = postSolution
		SolutionGuid = {A599D80D-1837-49F7-9D47-DB26913E8F60}
	EndGlobalSection
EndGlobal
